
Microsoft Visual Studio Solution File, Format Version 12.00
# Visual Studio Version 17
VisualStudioVersion = 17.3.32901.215
MinimumVisualStudioVersion = 10.0.40219.1
Project("{9A19103F-16F7-4668-BE54-9A1E7A4F7556}") = "Publicizer", "Publicizer\Publicizer.csproj", "{19AF346D-A2F1-470E-BD55-5784A46AC99C}"
EndProject
Project("{9A19103F-16F7-4668-BE54-9A1E7A4F7556}") = "Publicizer.Benchmark", "Publicizer.Benchmark\Publicizer.Benchmark.csproj", "{5E1B77A3-57D4-4FEC-A459-9DCC8044E127}"
EndProject
Project("{9A19103F-16F7-4668-BE54-9A1E7A4F7556}") = "Publicizer.Tests", "Publicizer.Tests\Publicizer.Tests.csproj", "{8940A599-15F9-484F-BF83-5FB9946B19D8}"
EndProject
Project("{9A19103F-16F7-4668-BE54-9A1E7A4F7556}") = "Publicizer.NuGetPackageCompilesChecker", "Publicizer.NuGetPackageCompilesChecker\Publicizer.NuGetPackageCompilesChecker.csproj", "{23E7075A-C850-4224-AEDC-A83B43AB68CD}"
EndProject
Global
	GlobalSection(SolutionConfigurationPlatforms) = preSolution
		Debug|Any CPU = Debug|Any CPU
		Release|Any CPU = Release|Any CPU
	EndGlobalSection
	GlobalSection(ProjectConfigurationPlatforms) = postSolution
		{19AF346D-A2F1-470E-BD55-5784A46AC99C}.Debug|Any CPU.ActiveCfg = Debug|Any CPU
		{19AF346D-A2F1-470E-BD55-5784A46AC99C}.Debug|Any CPU.Build.0 = Debug|Any CPU
		{19AF346D-A2F1-470E-BD55-5784A46AC99C}.Release|Any CPU.ActiveCfg = Release|Any CPU
		{19AF346D-A2F1-470E-BD55-5784A46AC99C}.Release|Any CPU.Build.0 = Release|Any CPU
		{5E1B77A3-57D4-4FEC-A459-9DCC8044E127}.Debug|Any CPU.ActiveCfg = Debug|Any CPU
		{5E1B77A3-57D4-4FEC-A459-9DCC8044E127}.Debug|Any CPU.Build.0 = Debug|Any CPU
		{5E1B77A3-57D4-4FEC-A459-9DCC8044E127}.Release|Any CPU.ActiveCfg = Release|Any CPU
		{5E1B77A3-57D4-4FEC-A459-9DCC8044E127}.Release|Any CPU.Build.0 = Release|Any CPU
		{8940A599-15F9-484F-BF83-5FB9946B19D8}.Debug|Any CPU.ActiveCfg = Debug|Any CPU
		{8940A599-15F9-484F-BF83-5FB9946B19D8}.Debug|Any CPU.Build.0 = Debug|Any CPU
		{8940A599-15F9-484F-BF83-5FB9946B19D8}.Release|Any CPU.ActiveCfg = Release|Any CPU
		{8940A599-15F9-484F-BF83-5FB9946B19D8}.Release|Any CPU.Build.0 = Release|Any CPU
		{23E7075A-C850-4224-AEDC-A83B43AB68CD}.Debug|Any CPU.ActiveCfg = Debug|Any CPU
		{23E7075A-C850-4224-AEDC-A83B43AB68CD}.Release|Any CPU.ActiveCfg = Release|Any CPU
	EndGlobalSection
	GlobalSection(SolutionProperties) = preSolution
		HideSolutionNode = FALSE
	EndGlobalSection
	GlobalSection(ExtensibilityGlobals) = postSolution
		SolutionGuid = {1211935E-6346-4E9B-AD67-50C9B4BE4CD5}
	EndGlobalSection
EndGlobal
