
Microsoft Visual Studio Solution File, Format Version 12.00
# Visual Studio Version 17
VisualStudioVersion = 17.3.32901.215
MinimumVisualStudioVersion = 10.0.40219.1
Project("{FAE04EC0-301F-11D3-BF4B-00C04F79EFBC}") = "Publicizer", "Publicizer\Publicizer.csproj", "{19AF346D-A2F1-470E-BD55-5784A46AC99C}"
EndProject
Project("{FAE04EC0-301F-11D3-BF4B-00C04F79EFBC}") = "Publicizer.Console", "Publicizer.Console\Publicizer.Console.csproj", "{048D9012-97D3-4848-A6E1-58B91C33E962}"
EndProject
Global
	GlobalSection(SolutionConfigurationPlatforms) = preSolution
		Debug|Any CPU = Debug|Any CPU
		Release|Any CPU = Release|Any CPU
	EndGlobalSection
	GlobalSection(ProjectConfigurationPlatforms) = postSolution
		{19AF346D-A2F1-470E-BD55-5784A46AC99C}.Debug|Any CPU.ActiveCfg = Debug|Any CPU
		{19AF346D-A2F1-470E-BD55-5784A46AC99C}.Debug|Any CPU.Build.0 = Debug|Any CPU
		{19AF346D-A2F1-470E-BD55-5784A46AC99C}.Release|Any CPU.ActiveCfg = Release|Any CPU
		{19AF346D-A2F1-470E-BD55-5784A46AC99C}.Release|Any CPU.Build.0 = Release|Any CPU
		{048D9012-97D3-4848-A6E1-58B91C33E962}.Debug|Any CPU.ActiveCfg = Debug|Any CPU
		{048D9012-97D3-4848-A6E1-58B91C33E962}.Debug|Any CPU.Build.0 = Debug|Any CPU
		{048D9012-97D3-4848-A6E1-58B91C33E962}.Release|Any CPU.ActiveCfg = Release|Any CPU
		{048D9012-97D3-4848-A6E1-58B91C33E962}.Release|Any CPU.Build.0 = Release|Any CPU
	EndGlobalSection
	GlobalSection(SolutionProperties) = preSolution
		HideSolutionNode = FALSE
	EndGlobalSection
	GlobalSection(ExtensibilityGlobals) = postSolution
		SolutionGuid = {1211935E-6346-4E9B-AD67-50C9B4BE4CD5}
	EndGlobalSection
EndGlobal
